{
  "name": "hospital-management-monorepo",
  "lockfileVersion": 3,
  "requires": true,
  "packages": {
    "": {
      "name": "hospital-management-monorepo",
      "workspaces": [
        "apps/*",
        "packages/*"
      ],
      "dependencies": {
        "zod": "^3.25.32"
      },
      "devDependencies": {
        "@types/express": "^5.0.3",
        "@types/jsonwebtoken": "^9.0.10",
        "@types/multer": "^2.0.0",
        "@types/node": "^24.0.10",
        "turbo": "^1.10.0"
      }
    },
    "node_modules/@hospital/schemas": {
      "resolved": "packages/schemas",
      "link": true
    },
    "node_modules/@types/body-parser": {
      "version": "1.19.6",
      "dev": true,
      "license": "MIT",
      "dependencies": {
        "@types/connect": "*",
        "@types/node": "*"
      }
    },
    "node_modules/@types/connect": {
      "version": "3.4.38",
      "dev": true,
      "license": "MIT",
      "dependencies": {
        "@types/node": "*"
      }
    },
    "node_modules/@types/express": {
      "version": "5.0.3",
      "dev": true,
      "license": "MIT",
      "dependencies": {
        "@types/body-parser": "*",
        "@types/express-serve-static-core": "^5.0.0",
        "@types/serve-static": "*"
      }
    },
    "node_modules/@types/express-serve-static-core": {
      "version": "5.0.6",
      "dev": true,
      "license": "MIT",
      "dependencies": {
        "@types/node": "*",
        "@types/qs": "*",
        "@types/range-parser": "*",
        "@types/send": "*"
      }
    },
    "node_modules/@types/http-errors": {
      "version": "2.0.5",
      "dev": true,
      "license": "MIT"
    },
    "node_modules/@types/jsonwebtoken": {
      "version": "9.0.10",
      "dev": true,
      "license": "MIT",
      "dependencies": {
        "@types/ms": "*",
        "@types/node": "*"
      }
    },
    "node_modules/@types/mime": {
      "version": "1.3.5",
      "dev": true,
      "license": "MIT"
    },
    "node_modules/@types/ms": {
      "version": "2.1.0",
      "dev": true,
      "license": "MIT"
    },
    "node_modules/@types/multer": {
      "version": "2.0.0",
      "dev": true,
      "license": "MIT",
      "dependencies": {
        "@types/express": "*"
      }
    },
    "node_modules/@types/node": {
      "version": "24.0.10",
      "dev": true,
      "license": "MIT",
      "dependencies": {
        "undici-types": "~7.8.0"
      }
    },
    "node_modules/@types/qs": {
      "version": "6.14.0",
      "dev": true,
      "license": "MIT"
    },
    "node_modules/@types/range-parser": {
      "version": "1.2.7",
      "dev": true,
      "license": "MIT"
    },
    "node_modules/@types/send": {
      "version": "0.17.5",
      "dev": true,
      "license": "MIT",
      "dependencies": {
        "@types/mime": "^1",
        "@types/node": "*"
      }
    },
    "node_modules/@types/serve-static": {
      "version": "1.15.8",
      "dev": true,
      "license": "MIT",
      "dependencies": {
        "@types/http-errors": "*",
        "@types/node": "*",
        "@types/send": "*"
      }
    },
    "node_modules/turbo": {
      "version": "1.13.4",
      "dev": true,
      "license": "MPL-2.0",
      "bin": {
        "turbo": "bin/turbo"
      },
      "optionalDependencies": {
        "turbo-darwin-64": "1.13.4",
        "turbo-darwin-arm64": "1.13.4",
        "turbo-linux-64": "1.13.4",
        "turbo-linux-arm64": "1.13.4",
        "turbo-windows-64": "1.13.4",
        "turbo-windows-arm64": "1.13.4"
      }
    },
    "node_modules/turbo-windows-64": {
      "version": "1.13.4",
      "cpu": [
        "x64"
      ],
      "dev": true,
      "license": "MPL-2.0",
      "optional": true,
      "os": [
        "win32"
      ]
    },
    "node_modules/undici-types": {
      "version": "7.8.0",
      "dev": true,
      "license": "MIT"
    },
    "node_modules/zod": {
      "version": "3.25.76",
      "license": "MIT",
      "funding": {
        "url": "https://github.com/sponsors/colinhacks"
      }
    },
    "packages/schemas": {
      "name": "@hospital/schemas",
      "version": "1.0.0",
      "dependencies": {
        "zod": "^3.25.76"
      }
    }
  }
}
